
Microsoft Visual Studio Solution File, Format Version 12.00
# Visual Studio Version 16
VisualStudioVersion = 16.0.30002.166
MinimumVisualStudioVersion = 10.0.40219.1
Project("{9A19103F-16F7-4668-BE54-9A1E7A4F7556}") = "test1_pechenki", "test1_pechenki\test1_pechenki.csproj", "{7DC33180-8F98-4FBF-AE89-CEF42D7E6F8C}"
EndProject
Project("{E53339B2-1760-4266-BCC7-CA923CBCF16C}") = "docker-compose", "docker-compose.dcproj", "{1201117C-23D6-4099-8B2E-4C3BFA568B47}"
EndProject
Global
	GlobalSection(SolutionConfigurationPlatforms) = preSolution
		Debug|Any CPU = Debug|Any CPU
		Release|Any CPU = Release|Any CPU
	EndGlobalSection
	GlobalSection(ProjectConfigurationPlatforms) = postSolution
		{7DC33180-8F98-4FBF-AE89-CEF42D7E6F8C}.Debug|Any CPU.ActiveCfg = Debug|Any CPU
		{7DC33180-8F98-4FBF-AE89-CEF42D7E6F8C}.Debug|Any CPU.Build.0 = Debug|Any CPU
		{7DC33180-8F98-4FBF-AE89-CEF42D7E6F8C}.Release|Any CPU.ActiveCfg = Release|Any CPU
		{7DC33180-8F98-4FBF-AE89-CEF42D7E6F8C}.Release|Any CPU.Build.0 = Release|Any CPU
		{1201117C-23D6-4099-8B2E-4C3BFA568B47}.Debug|Any CPU.ActiveCfg = Debug|Any CPU
		{1201117C-23D6-4099-8B2E-4C3BFA568B47}.Debug|Any CPU.Build.0 = Debug|Any CPU
		{1201117C-23D6-4099-8B2E-4C3BFA568B47}.Release|Any CPU.ActiveCfg = Release|Any CPU
		{1201117C-23D6-4099-8B2E-4C3BFA568B47}.Release|Any CPU.Build.0 = Release|Any CPU
	EndGlobalSection
	GlobalSection(SolutionProperties) = preSolution
		HideSolutionNode = FALSE
	EndGlobalSection
	GlobalSection(ExtensibilityGlobals) = postSolution
		SolutionGuid = {35F4614D-7AAB-4C29-97B3-C75673AD7DE6}
	EndGlobalSection
EndGlobal
